
Microsoft Visual Studio Solution File, Format Version 12.00
# Visual Studio Version 16
VisualStudioVersion = 16.0.30804.86
MinimumVisualStudioVersion = 10.0.40219.1
Project("{9A19103F-16F7-4668-BE54-9A1E7A4F7556}") = "KampIntro", "KampIntro\KampIntro.csproj", "{563AC68D-1790-4C3C-B7DF-C41333E0C55F}"
EndProject
Project("{9A19103F-16F7-4668-BE54-9A1E7A4F7556}") = "Donguler", "Donguler\Donguler.csproj", "{26ECF368-4010-4052-8646-9E1532D5E079}"
EndProject
Project("{9A19103F-16F7-4668-BE54-9A1E7A4F7556}") = "ClassIntro", "ClassIntro\ClassIntro.csproj", "{F9929187-B363-4C8E-BCAD-2DD1E7A719AA}"
EndProject
Project("{9A19103F-16F7-4668-BE54-9A1E7A4F7556}") = "Metotlar", "Metotlar\Metotlar.csproj", "{5BD0D33C-5C00-4C80-9979-1936E9D5D1F0}"
EndProject
Project("{9A19103F-16F7-4668-BE54-9A1E7A4F7556}") = "Matematik", "Matematik\Matematik.csproj", "{4F83C5FD-2354-41F5-A4C0-00A9A6D0E657}"
EndProject
Project("{9A19103F-16F7-4668-BE54-9A1E7A4F7556}") = "DegerVeReferansTipler", "DegerVeReferansTipler\DegerVeReferansTipler.csproj", "{4F7C9F13-D5B5-4651-A74E-322A0D80C032}"
EndProject
Project("{9A19103F-16F7-4668-BE54-9A1E7A4F7556}") = "REF-OUT", "REF-OUT\REF-OUT.csproj", "{51E84690-D872-4DB0-B607-CAD281E3C279}"
EndProject
Project("{FAE04EC0-301F-11D3-BF4B-00C04F79EFBC}") = "OOP1", "OOP1\OOP1.csproj", "{57E29EE4-71ED-45A4-ADC2-C1C83DBDC25E}"
EndProject
Project("{FAE04EC0-301F-11D3-BF4B-00C04F79EFBC}") = "Koleksiyonlar", "Koleksiyonlar\Koleksiyonlar.csproj", "{6391169F-FB03-4936-BD0C-DA3290D930FC}"
EndProject
Project("{FAE04EC0-301F-11D3-BF4B-00C04F79EFBC}") = "GenericsIntro", "GenericsIntro\GenericsIntro.csproj", "{394E3CD6-CC8F-4FE4-837F-E1D0F94B6597}"
EndProject
Project("{FAE04EC0-301F-11D3-BF4B-00C04F79EFBC}") = "Dictionary", "Dictionary\Dictionary.csproj", "{528D1C44-B296-4F82-8DBA-1431D74855F3}"
EndProject
Global
	GlobalSection(SolutionConfigurationPlatforms) = preSolution
		Debug|Any CPU = Debug|Any CPU
		Release|Any CPU = Release|Any CPU
	EndGlobalSection
	GlobalSection(ProjectConfigurationPlatforms) = postSolution
		{563AC68D-1790-4C3C-B7DF-C41333E0C55F}.Debug|Any CPU.ActiveCfg = Debug|Any CPU
		{563AC68D-1790-4C3C-B7DF-C41333E0C55F}.Debug|Any CPU.Build.0 = Debug|Any CPU
		{563AC68D-1790-4C3C-B7DF-C41333E0C55F}.Release|Any CPU.ActiveCfg = Release|Any CPU
		{563AC68D-1790-4C3C-B7DF-C41333E0C55F}.Release|Any CPU.Build.0 = Release|Any CPU
		{26ECF368-4010-4052-8646-9E1532D5E079}.Debug|Any CPU.ActiveCfg = Debug|Any CPU
		{26ECF368-4010-4052-8646-9E1532D5E079}.Debug|Any CPU.Build.0 = Debug|Any CPU
		{26ECF368-4010-4052-8646-9E1532D5E079}.Release|Any CPU.ActiveCfg = Release|Any CPU
		{26ECF368-4010-4052-8646-9E1532D5E079}.Release|Any CPU.Build.0 = Release|Any CPU
		{F9929187-B363-4C8E-BCAD-2DD1E7A719AA}.Debug|Any CPU.ActiveCfg = Debug|Any CPU
		{F9929187-B363-4C8E-BCAD-2DD1E7A719AA}.Debug|Any CPU.Build.0 = Debug|Any CPU
		{F9929187-B363-4C8E-BCAD-2DD1E7A719AA}.Release|Any CPU.ActiveCfg = Release|Any CPU
		{F9929187-B363-4C8E-BCAD-2DD1E7A719AA}.Release|Any CPU.Build.0 = Release|Any CPU
		{5BD0D33C-5C00-4C80-9979-1936E9D5D1F0}.Debug|Any CPU.ActiveCfg = Debug|Any CPU
		{5BD0D33C-5C00-4C80-9979-1936E9D5D1F0}.Debug|Any CPU.Build.0 = Debug|Any CPU
		{5BD0D33C-5C00-4C80-9979-1936E9D5D1F0}.Release|Any CPU.ActiveCfg = Release|Any CPU
		{5BD0D33C-5C00-4C80-9979-1936E9D5D1F0}.Release|Any CPU.Build.0 = Release|Any CPU
		{4F83C5FD-2354-41F5-A4C0-00A9A6D0E657}.Debug|Any CPU.ActiveCfg = Debug|Any CPU
		{4F83C5FD-2354-41F5-A4C0-00A9A6D0E657}.Debug|Any CPU.Build.0 = Debug|Any CPU
		{4F83C5FD-2354-41F5-A4C0-00A9A6D0E657}.Release|Any CPU.ActiveCfg = Release|Any CPU
		{4F83C5FD-2354-41F5-A4C0-00A9A6D0E657}.Release|Any CPU.Build.0 = Release|Any CPU
		{4F7C9F13-D5B5-4651-A74E-322A0D80C032}.Debug|Any CPU.ActiveCfg = Debug|Any CPU
		{4F7C9F13-D5B5-4651-A74E-322A0D80C032}.Debug|Any CPU.Build.0 = Debug|Any CPU
		{4F7C9F13-D5B5-4651-A74E-322A0D80C032}.Release|Any CPU.ActiveCfg = Release|Any CPU
		{4F7C9F13-D5B5-4651-A74E-322A0D80C032}.Release|Any CPU.Build.0 = Release|Any CPU
		{51E84690-D872-4DB0-B607-CAD281E3C279}.Debug|Any CPU.ActiveCfg = Debug|Any CPU
		{51E84690-D872-4DB0-B607-CAD281E3C279}.Debug|Any CPU.Build.0 = Debug|Any CPU
		{51E84690-D872-4DB0-B607-CAD281E3C279}.Release|Any CPU.ActiveCfg = Release|Any CPU
		{51E84690-D872-4DB0-B607-CAD281E3C279}.Release|Any CPU.Build.0 = Release|Any CPU
		{57E29EE4-71ED-45A4-ADC2-C1C83DBDC25E}.Debug|Any CPU.ActiveCfg = Debug|Any CPU
		{57E29EE4-71ED-45A4-ADC2-C1C83DBDC25E}.Debug|Any CPU.Build.0 = Debug|Any CPU
		{57E29EE4-71ED-45A4-ADC2-C1C83DBDC25E}.Release|Any CPU.ActiveCfg = Release|Any CPU
		{57E29EE4-71ED-45A4-ADC2-C1C83DBDC25E}.Release|Any CPU.Build.0 = Release|Any CPU
		{6391169F-FB03-4936-BD0C-DA3290D930FC}.Debug|Any CPU.ActiveCfg = Debug|Any CPU
		{6391169F-FB03-4936-BD0C-DA3290D930FC}.Debug|Any CPU.Build.0 = Debug|Any CPU
		{6391169F-FB03-4936-BD0C-DA3290D930FC}.Release|Any CPU.ActiveCfg = Release|Any CPU
		{6391169F-FB03-4936-BD0C-DA3290D930FC}.Release|Any CPU.Build.0 = Release|Any CPU
		{394E3CD6-CC8F-4FE4-837F-E1D0F94B6597}.Debug|Any CPU.ActiveCfg = Debug|Any CPU
		{394E3CD6-CC8F-4FE4-837F-E1D0F94B6597}.Debug|Any CPU.Build.0 = Debug|Any CPU
		{394E3CD6-CC8F-4FE4-837F-E1D0F94B6597}.Release|Any CPU.ActiveCfg = Release|Any CPU
		{394E3CD6-CC8F-4FE4-837F-E1D0F94B6597}.Release|Any CPU.Build.0 = Release|Any CPU
		{528D1C44-B296-4F82-8DBA-1431D74855F3}.Debug|Any CPU.ActiveCfg = Debug|Any CPU
		{528D1C44-B296-4F82-8DBA-1431D74855F3}.Debug|Any CPU.Build.0 = Debug|Any CPU
		{528D1C44-B296-4F82-8DBA-1431D74855F3}.Release|Any CPU.ActiveCfg = Release|Any CPU
		{528D1C44-B296-4F82-8DBA-1431D74855F3}.Release|Any CPU.Build.0 = Release|Any CPU
	EndGlobalSection
	GlobalSection(SolutionProperties) = preSolution
		HideSolutionNode = FALSE
	EndGlobalSection
	GlobalSection(ExtensibilityGlobals) = postSolution
		SolutionGuid = {873383B4-D942-495C-BE2F-EEC6FF7AC4EB}
	EndGlobalSection
EndGlobal
